
Microsoft Visual Studio Solution File, Format Version 12.00
# Visual Studio Version 16
VisualStudioVersion = 16.0.31729.503
MinimumVisualStudioVersion = 10.0.40219.1
Project("{FAE04EC0-301F-11D3-BF4B-00C04F79EFBC}") = "UnitTestExample", "UnitTestExample\UnitTestExample.csproj", "{F1FBDBB6-FEBA-421B-A647-484ED380E500}"
EndProject
Project("{FAE04EC0-301F-11D3-BF4B-00C04F79EFBC}") = "UnitTestExample.Test", "UnitTestExample.Test\UnitTestExample.Test.csproj", "{B13F504A-1C0F-4E05-BF25-E91577D50FF4}"
EndProject
Global
	GlobalSection(SolutionConfigurationPlatforms) = preSolution
		Debug|Any CPU = Debug|Any CPU
		Release|Any CPU = Release|Any CPU
	EndGlobalSection
	GlobalSection(ProjectConfigurationPlatforms) = postSolution
		{F1FBDBB6-FEBA-421B-A647-484ED380E500}.Debug|Any CPU.ActiveCfg = Debug|Any CPU
		{F1FBDBB6-FEBA-421B-A647-484ED380E500}.Debug|Any CPU.Build.0 = Debug|Any CPU
		{F1FBDBB6-FEBA-421B-A647-484ED380E500}.Release|Any CPU.ActiveCfg = Release|Any CPU
		{F1FBDBB6-FEBA-421B-A647-484ED380E500}.Release|Any CPU.Build.0 = Release|Any CPU
		{B13F504A-1C0F-4E05-BF25-E91577D50FF4}.Debug|Any CPU.ActiveCfg = Debug|Any CPU
		{B13F504A-1C0F-4E05-BF25-E91577D50FF4}.Debug|Any CPU.Build.0 = Debug|Any CPU
		{B13F504A-1C0F-4E05-BF25-E91577D50FF4}.Release|Any CPU.ActiveCfg = Release|Any CPU
		{B13F504A-1C0F-4E05-BF25-E91577D50FF4}.Release|Any CPU.Build.0 = Release|Any CPU
	EndGlobalSection
	GlobalSection(SolutionProperties) = preSolution
		HideSolutionNode = FALSE
	EndGlobalSection
	GlobalSection(ExtensibilityGlobals) = postSolution
		SolutionGuid = {E6619F22-E530-4A87-BCCC-346F0B0821F3}
	EndGlobalSection
EndGlobal
